
Microsoft Visual Studio Solution File, Format Version 12.00
# Visual Studio Version 16
VisualStudioVersion = 16.0.31410.357
MinimumVisualStudioVersion = 10.0.40219.1
Project("{FAE04EC0-301F-11D3-BF4B-00C04F79EFBC}") = "ECommerceApp.Android", "ECommerceApp\ECommerceApp.Android\ECommerceApp.Android.csproj", "{A1DF3767-D596-494A-80E2-5BDC2E945A70}"
EndProject
Project("{FAE04EC0-301F-11D3-BF4B-00C04F79EFBC}") = "ECommerceApp.iOS", "ECommerceApp\ECommerceApp.iOS\ECommerceApp.iOS.csproj", "{995ACE57-5BBE-4441-A0B0-4545EE2796A5}"
EndProject
Project("{9A19103F-16F7-4668-BE54-9A1E7A4F7556}") = "ECommerceApp", "ECommerceApp\ECommerceApp\ECommerceApp.csproj", "{7D5C45DA-9C9D-4CC8-9222-B19D0F593EFE}"
EndProject
Project("{FAE04EC0-301F-11D3-BF4B-00C04F79EFBC}") = "ECommerceApp.UWP", "ECommerceApp.UWP\ECommerceApp.UWP.csproj", "{A1A68C6A-E7B5-415C-9F2E-186D87F00D25}"
EndProject
Global
	GlobalSection(SolutionConfigurationPlatforms) = preSolution
		Debug|Any CPU = Debug|Any CPU
		Debug|ARM = Debug|ARM
		Debug|ARM64 = Debug|ARM64
		Debug|iPhone = Debug|iPhone
		Debug|iPhoneSimulator = Debug|iPhoneSimulator
		Debug|x64 = Debug|x64
		Debug|x86 = Debug|x86
		Release|Any CPU = Release|Any CPU
		Release|ARM = Release|ARM
		Release|ARM64 = Release|ARM64
		Release|iPhone = Release|iPhone
		Release|iPhoneSimulator = Release|iPhoneSimulator
		Release|x64 = Release|x64
		Release|x86 = Release|x86
	EndGlobalSection
	GlobalSection(ProjectConfigurationPlatforms) = postSolution
		{A1DF3767-D596-494A-80E2-5BDC2E945A70}.Debug|Any CPU.ActiveCfg = Debug|Any CPU
		{A1DF3767-D596-494A-80E2-5BDC2E945A70}.Debug|Any CPU.Build.0 = Debug|Any CPU
		{A1DF3767-D596-494A-80E2-5BDC2E945A70}.Debug|Any CPU.Deploy.0 = Debug|Any CPU
		{A1DF3767-D596-494A-80E2-5BDC2E945A70}.Debug|ARM.ActiveCfg = Debug|Any CPU
		{A1DF3767-D596-494A-80E2-5BDC2E945A70}.Debug|ARM.Build.0 = Debug|Any CPU
		{A1DF3767-D596-494A-80E2-5BDC2E945A70}.Debug|ARM.Deploy.0 = Debug|Any CPU
		{A1DF3767-D596-494A-80E2-5BDC2E945A70}.Debug|ARM64.ActiveCfg = Debug|Any CPU
		{A1DF3767-D596-494A-80E2-5BDC2E945A70}.Debug|ARM64.Build.0 = Debug|Any CPU
		{A1DF3767-D596-494A-80E2-5BDC2E945A70}.Debug|ARM64.Deploy.0 = Debug|Any CPU
		{A1DF3767-D596-494A-80E2-5BDC2E945A70}.Debug|iPhone.ActiveCfg = Debug|Any CPU
		{A1DF3767-D596-494A-80E2-5BDC2E945A70}.Debug|iPhone.Build.0 = Debug|Any CPU
		{A1DF3767-D596-494A-80E2-5BDC2E945A70}.Debug|iPhone.Deploy.0 = Debug|Any CPU
		{A1DF3767-D596-494A-80E2-5BDC2E945A70}.Debug|iPhoneSimulator.ActiveCfg = Debug|Any CPU
		{A1DF3767-D596-494A-80E2-5BDC2E945A70}.Debug|iPhoneSimulator.Build.0 = Debug|Any CPU
		{A1DF3767-D596-494A-80E2-5BDC2E945A70}.Debug|iPhoneSimulator.Deploy.0 = Debug|Any CPU
		{A1DF3767-D596-494A-80E2-5BDC2E945A70}.Debug|x64.ActiveCfg = Debug|Any CPU
		{A1DF3767-D596-494A-80E2-5BDC2E945A70}.Debug|x64.Build.0 = Debug|Any CPU
		{A1DF3767-D596-494A-80E2-5BDC2E945A70}.Debug|x64.Deploy.0 = Debug|Any CPU
		{A1DF3767-D596-494A-80E2-5BDC2E945A70}.Debug|x86.ActiveCfg = Debug|Any CPU
		{A1DF3767-D596-494A-80E2-5BDC2E945A70}.Debug|x86.Build.0 = Debug|Any CPU
		{A1DF3767-D596-494A-80E2-5BDC2E945A70}.Debug|x86.Deploy.0 = Debug|Any CPU
		{A1DF3767-D596-494A-80E2-5BDC2E945A70}.Release|Any CPU.ActiveCfg = Release|Any CPU
		{A1DF3767-D596-494A-80E2-5BDC2E945A70}.Release|Any CPU.Build.0 = Release|Any CPU
		{A1DF3767-D596-494A-80E2-5BDC2E945A70}.Release|Any CPU.Deploy.0 = Release|Any CPU
		{A1DF3767-D596-494A-80E2-5BDC2E945A70}.Release|ARM.ActiveCfg = Release|Any CPU
		{A1DF3767-D596-494A-80E2-5BDC2E945A70}.Release|ARM.Build.0 = Release|Any CPU
		{A1DF3767-D596-494A-80E2-5BDC2E945A70}.Release|ARM.Deploy.0 = Release|Any CPU
		{A1DF3767-D596-494A-80E2-5BDC2E945A70}.Release|ARM64.ActiveCfg = Release|Any CPU
		{A1DF3767-D596-494A-80E2-5BDC2E945A70}.Release|ARM64.Build.0 = Release|Any CPU
		{A1DF3767-D596-494A-80E2-5BDC2E945A70}.Release|ARM64.Deploy.0 = Release|Any CPU
		{A1DF3767-D596-494A-80E2-5BDC2E945A70}.Release|iPhone.ActiveCfg = Release|Any CPU
		{A1DF3767-D596-494A-80E2-5BDC2E945A70}.Release|iPhone.Build.0 = Release|Any CPU
		{A1DF3767-D596-494A-80E2-5BDC2E945A70}.Release|iPhone.Deploy.0 = Release|Any CPU
		{A1DF3767-D596-494A-80E2-5BDC2E945A70}.Release|iPhoneSimulator.ActiveCfg = Release|Any CPU
		{A1DF3767-D596-494A-80E2-5BDC2E945A70}.Release|iPhoneSimulator.Build.0 = Release|Any CPU
		{A1DF3767-D596-494A-80E2-5BDC2E945A70}.Release|iPhoneSimulator.Deploy.0 = Release|Any CPU
		{A1DF3767-D596-494A-80E2-5BDC2E945A70}.Release|x64.ActiveCfg = Release|Any CPU
		{A1DF3767-D596-494A-80E2-5BDC2E945A70}.Release|x64.Build.0 = Release|Any CPU
		{A1DF3767-D596-494A-80E2-5BDC2E945A70}.Release|x64.Deploy.0 = Release|Any CPU
		{A1DF3767-D596-494A-80E2-5BDC2E945A70}.Release|x86.ActiveCfg = Release|Any CPU
		{A1DF3767-D596-494A-80E2-5BDC2E945A70}.Release|x86.Build.0 = Release|Any CPU
		{A1DF3767-D596-494A-80E2-5BDC2E945A70}.Release|x86.Deploy.0 = Release|Any CPU
		{995ACE57-5BBE-4441-A0B0-4545EE2796A5}.Debug|Any CPU.ActiveCfg = Debug|iPhone
		{995ACE57-5BBE-4441-A0B0-4545EE2796A5}.Debug|Any CPU.Build.0 = Debug|iPhone
		{995ACE57-5BBE-4441-A0B0-4545EE2796A5}.Debug|Any CPU.Deploy.0 = Debug|iPhone
		{995ACE57-5BBE-4441-A0B0-4545EE2796A5}.Debug|ARM.ActiveCfg = Debug|iPhoneSimulator
		{995ACE57-5BBE-4441-A0B0-4545EE2796A5}.Debug|ARM64.ActiveCfg = Debug|iPhoneSimulator
		{995ACE57-5BBE-4441-A0B0-4545EE2796A5}.Debug|iPhone.ActiveCfg = Debug|iPhone
		{995ACE57-5BBE-4441-A0B0-4545EE2796A5}.Debug|iPhone.Build.0 = Debug|iPhone
		{995ACE57-5BBE-4441-A0B0-4545EE2796A5}.Debug|iPhone.Deploy.0 = Debug|iPhone
		{995ACE57-5BBE-4441-A0B0-4545EE2796A5}.Debug|iPhoneSimulator.ActiveCfg = Debug|iPhoneSimulator
		{995ACE57-5BBE-4441-A0B0-4545EE2796A5}.Debug|iPhoneSimulator.Build.0 = Debug|iPhoneSimulator
		{995ACE57-5BBE-4441-A0B0-4545EE2796A5}.Debug|iPhoneSimulator.Deploy.0 = Debug|iPhoneSimulator
		{995ACE57-5BBE-4441-A0B0-4545EE2796A5}.Debug|x64.ActiveCfg = Debug|iPhoneSimulator
		{995ACE57-5BBE-4441-A0B0-4545EE2796A5}.Debug|x86.ActiveCfg = Debug|iPhoneSimulator
		{995ACE57-5BBE-4441-A0B0-4545EE2796A5}.Release|Any CPU.ActiveCfg = Release|iPhoneSimulator
		{995ACE57-5BBE-4441-A0B0-4545EE2796A5}.Release|Any CPU.Build.0 = Release|iPhoneSimulator
		{995ACE57-5BBE-4441-A0B0-4545EE2796A5}.Release|Any CPU.Deploy.0 = Release|iPhoneSimulator
		{995ACE57-5BBE-4441-A0B0-4545EE2796A5}.Release|ARM.ActiveCfg = Release|iPhone
		{995ACE57-5BBE-4441-A0B0-4545EE2796A5}.Release|ARM64.ActiveCfg = Release|iPhone
		{995ACE57-5BBE-4441-A0B0-4545EE2796A5}.Release|iPhone.ActiveCfg = Release|iPhone
		{995ACE57-5BBE-4441-A0B0-4545EE2796A5}.Release|iPhone.Build.0 = Release|iPhone
		{995ACE57-5BBE-4441-A0B0-4545EE2796A5}.Release|iPhone.Deploy.0 = Release|iPhone
		{995ACE57-5BBE-4441-A0B0-4545EE2796A5}.Release|iPhoneSimulator.ActiveCfg = Release|iPhoneSimulator
		{995ACE57-5BBE-4441-A0B0-4545EE2796A5}.Release|iPhoneSimulator.Build.0 = Release|iPhoneSimulator
		{995ACE57-5BBE-4441-A0B0-4545EE2796A5}.Release|iPhoneSimulator.Deploy.0 = Release|iPhoneSimulator
		{995ACE57-5BBE-4441-A0B0-4545EE2796A5}.Release|x64.ActiveCfg = Release|iPhone
		{995ACE57-5BBE-4441-A0B0-4545EE2796A5}.Release|x86.ActiveCfg = Release|iPhone
		{7D5C45DA-9C9D-4CC8-9222-B19D0F593EFE}.Debug|Any CPU.ActiveCfg = Debug|Any CPU
		{7D5C45DA-9C9D-4CC8-9222-B19D0F593EFE}.Debug|Any CPU.Build.0 = Debug|Any CPU
		{7D5C45DA-9C9D-4CC8-9222-B19D0F593EFE}.Debug|Any CPU.Deploy.0 = Debug|Any CPU
		{7D5C45DA-9C9D-4CC8-9222-B19D0F593EFE}.Debug|ARM.ActiveCfg = Debug|Any CPU
		{7D5C45DA-9C9D-4CC8-9222-B19D0F593EFE}.Debug|ARM.Build.0 = Debug|Any CPU
		{7D5C45DA-9C9D-4CC8-9222-B19D0F593EFE}.Debug|ARM64.ActiveCfg = Debug|Any CPU
		{7D5C45DA-9C9D-4CC8-9222-B19D0F593EFE}.Debug|ARM64.Build.0 = Debug|Any CPU
		{7D5C45DA-9C9D-4CC8-9222-B19D0F593EFE}.Debug|iPhone.ActiveCfg = Debug|Any CPU
		{7D5C45DA-9C9D-4CC8-9222-B19D0F593EFE}.Debug|iPhone.Build.0 = Debug|Any CPU
		{7D5C45DA-9C9D-4CC8-9222-B19D0F593EFE}.Debug|iPhone.Deploy.0 = Debug|Any CPU
		{7D5C45DA-9C9D-4CC8-9222-B19D0F593EFE}.Debug|iPhoneSimulator.ActiveCfg = Debug|Any CPU
		{7D5C45DA-9C9D-4CC8-9222-B19D0F593EFE}.Debug|iPhoneSimulator.Build.0 = Debug|Any CPU
		{7D5C45DA-9C9D-4CC8-9222-B19D0F593EFE}.Debug|iPhoneSimulator.Deploy.0 = Debug|Any CPU
		{7D5C45DA-9C9D-4CC8-9222-B19D0F593EFE}.Debug|x64.ActiveCfg = Debug|Any CPU
		{7D5C45DA-9C9D-4CC8-9222-B19D0F593EFE}.Debug|x64.Build.0 = Debug|Any CPU
		{7D5C45DA-9C9D-4CC8-9222-B19D0F593EFE}.Debug|x86.ActiveCfg = Debug|Any CPU
		{7D5C45DA-9C9D-4CC8-9222-B19D0F593EFE}.Debug|x86.Build.0 = Debug|Any CPU
		{7D5C45DA-9C9D-4CC8-9222-B19D0F593EFE}.Release|Any CPU.ActiveCfg = Release|Any CPU
		{7D5C45DA-9C9D-4CC8-9222-B19D0F593EFE}.Release|Any CPU.Build.0 = Release|Any CPU
		{7D5C45DA-9C9D-4CC8-9222-B19D0F593EFE}.Release|Any CPU.Deploy.0 = Release|Any CPU
		{7D5C45DA-9C9D-4CC8-9222-B19D0F593EFE}.Release|ARM.ActiveCfg = Release|Any CPU
		{7D5C45DA-9C9D-4CC8-9222-B19D0F593EFE}.Release|ARM.Build.0 = Release|Any CPU
		{7D5C45DA-9C9D-4CC8-9222-B19D0F593EFE}.Release|ARM64.ActiveCfg = Release|Any CPU
		{7D5C45DA-9C9D-4CC8-9222-B19D0F593EFE}.Release|ARM64.Build.0 = Release|Any CPU
		{7D5C45DA-9C9D-4CC8-9222-B19D0F593EFE}.Release|iPhone.ActiveCfg = Release|Any CPU
		{7D5C45DA-9C9D-4CC8-9222-B19D0F593EFE}.Release|iPhone.Build.0 = Release|Any CPU
		{7D5C45DA-9C9D-4CC8-9222-B19D0F593EFE}.Release|iPhone.Deploy.0 = Release|Any CPU
		{7D5C45DA-9C9D-4CC8-9222-B19D0F593EFE}.Release|iPhoneSimulator.ActiveCfg = Release|Any CPU
		{7D5C45DA-9C9D-4CC8-9222-B19D0F593EFE}.Release|iPhoneSimulator.Build.0 = Release|Any CPU
		{7D5C45DA-9C9D-4CC8-9222-B19D0F593EFE}.Release|iPhoneSimulator.Deploy.0 = Release|Any CPU
		{7D5C45DA-9C9D-4CC8-9222-B19D0F593EFE}.Release|x64.ActiveCfg = Release|Any CPU
		{7D5C45DA-9C9D-4CC8-9222-B19D0F593EFE}.Release|x64.Build.0 = Release|Any CPU
		{7D5C45DA-9C9D-4CC8-9222-B19D0F593EFE}.Release|x86.ActiveCfg = Release|Any CPU
		{7D5C45DA-9C9D-4CC8-9222-B19D0F593EFE}.Release|x86.Build.0 = Release|Any CPU
		{A1A68C6A-E7B5-415C-9F2E-186D87F00D25}.Debug|Any CPU.ActiveCfg = Debug|x86
		{A1A68C6A-E7B5-415C-9F2E-186D87F00D25}.Debug|Any CPU.Build.0 = Debug|x86
		{A1A68C6A-E7B5-415C-9F2E-186D87F00D25}.Debug|Any CPU.Deploy.0 = Debug|x86
		{A1A68C6A-E7B5-415C-9F2E-186D87F00D25}.Debug|ARM.ActiveCfg = Debug|ARM
		{A1A68C6A-E7B5-415C-9F2E-186D87F00D25}.Debug|ARM.Build.0 = Debug|ARM
		{A1A68C6A-E7B5-415C-9F2E-186D87F00D25}.Debug|ARM.Deploy.0 = Debug|ARM
		{A1A68C6A-E7B5-415C-9F2E-186D87F00D25}.Debug|ARM64.ActiveCfg = Debug|ARM64
		{A1A68C6A-E7B5-415C-9F2E-186D87F00D25}.Debug|ARM64.Build.0 = Debug|ARM64
		{A1A68C6A-E7B5-415C-9F2E-186D87F00D25}.Debug|ARM64.Deploy.0 = Debug|ARM64
		{A1A68C6A-E7B5-415C-9F2E-186D87F00D25}.Debug|iPhone.ActiveCfg = Debug|x86
		{A1A68C6A-E7B5-415C-9F2E-186D87F00D25}.Debug|iPhoneSimulator.ActiveCfg = Debug|x86
		{A1A68C6A-E7B5-415C-9F2E-186D87F00D25}.Debug|x64.ActiveCfg = Debug|x64
		{A1A68C6A-E7B5-415C-9F2E-186D87F00D25}.Debug|x64.Build.0 = Debug|x64
		{A1A68C6A-E7B5-415C-9F2E-186D87F00D25}.Debug|x64.Deploy.0 = Debug|x64
		{A1A68C6A-E7B5-415C-9F2E-186D87F00D25}.Debug|x86.ActiveCfg = Debug|x86
		{A1A68C6A-E7B5-415C-9F2E-186D87F00D25}.Debug|x86.Build.0 = Debug|x86
		{A1A68C6A-E7B5-415C-9F2E-186D87F00D25}.Debug|x86.Deploy.0 = Debug|x86
		{A1A68C6A-E7B5-415C-9F2E-186D87F00D25}.Release|Any CPU.ActiveCfg = Release|x86
		{A1A68C6A-E7B5-415C-9F2E-186D87F00D25}.Release|ARM.ActiveCfg = Release|ARM
		{A1A68C6A-E7B5-415C-9F2E-186D87F00D25}.Release|ARM.Build.0 = Release|ARM
		{A1A68C6A-E7B5-415C-9F2E-186D87F00D25}.Release|ARM.Deploy.0 = Release|ARM
		{A1A68C6A-E7B5-415C-9F2E-186D87F00D25}.Release|ARM64.ActiveCfg = Release|ARM64
		{A1A68C6A-E7B5-415C-9F2E-186D87F00D25}.Release|ARM64.Build.0 = Release|ARM64
		{A1A68C6A-E7B5-415C-9F2E-186D87F00D25}.Release|ARM64.Deploy.0 = Release|ARM64
		{A1A68C6A-E7B5-415C-9F2E-186D87F00D25}.Release|iPhone.ActiveCfg = Release|x86
		{A1A68C6A-E7B5-415C-9F2E-186D87F00D25}.Release|iPhoneSimulator.ActiveCfg = Release|x86
		{A1A68C6A-E7B5-415C-9F2E-186D87F00D25}.Release|x64.ActiveCfg = Release|x64
		{A1A68C6A-E7B5-415C-9F2E-186D87F00D25}.Release|x64.Build.0 = Release|x64
		{A1A68C6A-E7B5-415C-9F2E-186D87F00D25}.Release|x64.Deploy.0 = Release|x64
		{A1A68C6A-E7B5-415C-9F2E-186D87F00D25}.Release|x86.ActiveCfg = Release|x86
		{A1A68C6A-E7B5-415C-9F2E-186D87F00D25}.Release|x86.Build.0 = Release|x86
		{A1A68C6A-E7B5-415C-9F2E-186D87F00D25}.Release|x86.Deploy.0 = Release|x86
	EndGlobalSection
	GlobalSection(SolutionProperties) = preSolution
		HideSolutionNode = FALSE
	EndGlobalSection
	GlobalSection(ExtensibilityGlobals) = postSolution
		SolutionGuid = {141B0A58-C124-4F38-83C3-0944D0A60B76}
	EndGlobalSection
EndGlobal
